
Microsoft Visual Studio Solution File, Format Version 11.00
# Visual Studio 2010
Project("{FAE04EC0-301F-11D3-BF4B-00C04F79EFBC}") = "Assembly-CSharp", "Assembly-CSharp.csproj", "{1da8b1ac-a1d9-b2e3-9f1d-f18624f66577}"
EndProject
Project("{FAE04EC0-301F-11D3-BF4B-00C04F79EFBC}") = "Assembly-CSharp-Editor", "Assembly-CSharp-Editor.csproj", "{519d859a-f726-6b6f-9ea5-caae26c24598}"
EndProject
Global
	GlobalSection(SolutionConfigurationPlatforms) = preSolution
		Debug|Any CPU = Debug|Any CPU
	EndGlobalSection
	GlobalSection(ProjectConfigurationPlatforms) = postSolution
		{1da8b1ac-a1d9-b2e3-9f1d-f18624f66577}.Debug|Any CPU.ActiveCfg = Debug|Any CPU
		{1da8b1ac-a1d9-b2e3-9f1d-f18624f66577}.Debug|Any CPU.Build.0 = Debug|Any CPU
		{519d859a-f726-6b6f-9ea5-caae26c24598}.Debug|Any CPU.ActiveCfg = Debug|Any CPU
		{519d859a-f726-6b6f-9ea5-caae26c24598}.Debug|Any CPU.Build.0 = Debug|Any CPU
	EndGlobalSection
	GlobalSection(SolutionProperties) = preSolution
		HideSolutionNode = FALSE
	EndGlobalSection
EndGlobal
